
Microsoft Visual Studio Solution File, Format Version 11.00
# Visual Studio 2010
Project("{8BC9CEB8-8B4A-11D0-8D11-00A0C91BC942}") = "Pascal's Triangle II", "Pascal's Triangle II\Pascal's Triangle II.vcxproj", "{217CCE16-D204-4513-965B-4EFD85527D6B}"
EndProject
Global
	GlobalSection(SolutionConfigurationPlatforms) = preSolution
		Debug|Win32 = Debug|Win32
		Release|Win32 = Release|Win32
	EndGlobalSection
	GlobalSection(ProjectConfigurationPlatforms) = postSolution
		{217CCE16-D204-4513-965B-4EFD85527D6B}.Debug|Win32.ActiveCfg = Debug|Win32
		{217CCE16-D204-4513-965B-4EFD85527D6B}.Debug|Win32.Build.0 = Debug|Win32
		{217CCE16-D204-4513-965B-4EFD85527D6B}.Release|Win32.ActiveCfg = Release|Win32
		{217CCE16-D204-4513-965B-4EFD85527D6B}.Release|Win32.Build.0 = Release|Win32
	EndGlobalSection
	GlobalSection(SolutionProperties) = preSolution
		HideSolutionNode = FALSE
	EndGlobalSection
EndGlobal
